{
    "api-platform/core": {
        "version": "2.5",
        "recipe": {
            "repo": "github.com/symfony/recipes",
            "branch": "master",
            "version": "2.5",
            "ref": "a93061567140e386f107be75340ac2aee3f86cbf"
        },
        "files": [
            "./config/packages/api_platform.yaml",
            "./config/routes/api_platform.yaml",
            "./src/Entity/.gitignore"
        ]
    },
    "behat/transliterator": {
        "version": "v1.3.0"
    },
    "composer/package-versions-deprecated": {
        "version": "1.11.99.1"
    },
    "dama/doctrine-test-bundle": {
        "version": "4.0",
        "recipe": {
            "repo": "github.com/symfony/recipes-contrib",
            "branch": "master",
            "version": "4.0",
            "ref": "56eaa387b5e48ebcc7c95a893b47dfa1ad51449c"
        }
    },
    "dmishh/settings-bundle": {
        "version": "3.0.x-dev"
    },
    "doctrine/annotations": {
        "version": "1.0",
        "recipe": {
            "repo": "github.com/symfony/recipes",
            "branch": "master",
            "version": "1.0",
            "ref": "a2759dd6123694c8d901d0ec80006e044c2e6457"
        },
        "files": [
            "./config/routes/annotations.yaml"
        ]
    },
    "doctrine/cache": {
        "version": "1.10.2"
    },
    "doctrine/collections": {
        "version": "1.6.7"
    },
    "doctrine/common": {
        "version": "2.13.3"
    },
    "doctrine/data-fixtures": {
        "version": "1.4.4"
    },
    "doctrine/dbal": {
        "version": "2.10.4"
    },
    "doctrine/deprecations": {
        "version": "v0.5.3"
    },
    "doctrine/doctrine-bundle": {
        "version": "2.5",
        "recipe": {
            "repo": "github.com/symfony/recipes",
            "branch": "master",
            "version": "2.4",
            "ref": "f98f1affe028f8153a459d15f220ada3826b5aa2"
        },
        "files": [
            "config/packages/doctrine.yaml",
            "config/packages/prod/doctrine.yaml",
            "config/packages/test/doctrine.yaml",
            "src/Entity/.gitignore",
            "src/Repository/.gitignore"
        ]
    },
    "doctrine/doctrine-fixtures-bundle": {
        "version": "3.4",
        "recipe": {
            "repo": "github.com/symfony/recipes",
            "branch": "master",
            "version": "3.0",
            "ref": "1f5514cfa15b947298df4d771e694e578d4c204d"
        },
        "files": [
            "src/DataFixtures/AppFixtures.php"
        ]
    },
    "doctrine/doctrine-migrations-bundle": {
        "version": "2.2",
        "recipe": {
            "repo": "github.com/symfony/recipes",
            "branch": "master",
            "version": "2.2",
            "ref": "baaa439e3e3179e69e3da84b671f0a3e4a2f56ad"
        },
        "files": [
            "./config/packages/doctrine_migrations.yaml",
            "./migrations/.gitignore"
        ]
    },
    "doctrine/event-manager": {
        "version": "1.1.1"
    },
    "doctrine/inflector": {
        "version": "1.4.3"
    },
    "doctrine/instantiator": {
        "version": "1.4.0"
    },
    "doctrine/lexer": {
        "version": "1.2.1"
    },
    "doctrine/migrations": {
        "version": "2.3.2"
    },
    "doctrine/orm": {
        "version": "2.7.5"
    },
    "doctrine/persistence": {
        "version": "1.3.8"
    },
    "doctrine/sql-formatter": {
        "version": "1.1.2"
    },
    "dragonmantank/cron-expression": {
        "version": "v3.1.0"
    },
    "egulias/email-validator": {
        "version": "2.1.25"
    },
    "exercise/htmlpurifier-bundle": {
        "version": "0.2",
        "recipe": {
            "repo": "github.com/symfony/recipes-contrib",
            "branch": "master",
            "version": "0.2",
            "ref": "0b76657841c2ba52647bb1b4a5595a0e3b9f485c"
        },
        "files": [
            "./config/packages/exercise_html_purifier.yaml"
        ]
    },
    "ezyang/htmlpurifier": {
        "version": "v4.13.0"
    },
    "fig/link-util": {
        "version": "1.1.1"
    },
    "friendsofphp/proxy-manager-lts": {
        "version": "v1.0.3"
    },
    "friendsofsymfony/ckeditor-bundle": {
        "version": "2.4",
        "recipe": {
            "repo": "github.com/symfony/recipes-contrib",
            "branch": "master",
            "version": "2.0",
            "ref": "f5ad42002183a6881962683e6d84bbb25cdfce5d"
        },
        "files": [
            "config/packages/fos_ckeditor.yaml"
        ]
    },
    "gedmo/doctrine-extensions": {
        "version": "v3.0.0"
    },
    "guzzlehttp/guzzle": {
        "version": "6.5.5"
    },
    "guzzlehttp/promises": {
        "version": "1.4.0"
    },
    "guzzlehttp/psr7": {
        "version": "1.7.0"
    },
    "incenteev/composer-parameter-handler": {
        "version": "v2.1.4"
    },
    "knplabs/knp-components": {
        "version": "v2.5.1"
    },
    "knplabs/knp-paginator-bundle": {
        "version": "v4.1.1"
    },
    "laminas/laminas-code": {
        "version": "3.4.1"
    },
    "laminas/laminas-eventmanager": {
        "version": "3.2.1"
    },
    "laminas/laminas-zendframework-bridge": {
        "version": "1.1.1"
    },
    "lcobucci/jwt": {
        "version": "3.4.2"
    },
    "league/csv": {
        "version": "9.6.2"
    },
    "lexik/form-filter-bundle": {
        "version": "v7.0.2"
    },
    "lexik/jwt-authentication-bundle": {
        "version": "2.5",
        "recipe": {
            "repo": "github.com/symfony/recipes",
            "branch": "master",
            "version": "2.5",
            "ref": "5b2157bcd5778166a5696e42f552ad36529a07a6"
        },
        "files": [
            "./config/packages/lexik_jwt_authentication.yaml"
        ]
    },
    "lexik/translation-bundle": {
        "version": "v4.0.14"
    },
    "misd/linkify": {
        "version": "v1.1.4"
    },
    "misd/linkify-bundle": {
        "version": "1.0.x-dev"
    },
    "monolog/monolog": {
        "version": "1.26.0"
    },
    "namshi/jose": {
        "version": "7.2.3"
    },
    "nelmio/cors-bundle": {
        "version": "1.5",
        "recipe": {
            "repo": "github.com/symfony/recipes",
            "branch": "master",
            "version": "1.5",
            "ref": "6bea22e6c564fba3a1391615cada1437d0bde39c"
        },
        "files": [
            "./config/packages/nelmio_cors.yaml"
        ]
    },
    "paragonie/random_compat": {
        "version": "v9.99.99"
    },
    "peppeocchi/php-cron-scheduler": {
        "version": "v3.1"
    },
    "php": {
        "version": "7.2.5"
    },
    "phpdocumentor/reflection-common": {
        "version": "2.2.0"
    },
    "phpdocumentor/reflection-docblock": {
        "version": "4.3.4"
    },
    "phpdocumentor/type-resolver": {
        "version": "1.4.0"
    },
    "psr/cache": {
        "version": "1.0.1"
    },
    "psr/container": {
        "version": "1.0.0"
    },
    "psr/http-message": {
        "version": "1.0.1"
    },
    "psr/link": {
        "version": "1.0.0"
    },
    "psr/log": {
        "version": "1.1.3"
    },
    "ralouphie/getallheaders": {
        "version": "3.0.3"
    },
    "ramsey/uuid": {
        "version": "3.9.3"
    },
    "sensio/framework-extra-bundle": {
        "version": "5.2",
        "recipe": {
            "repo": "github.com/symfony/recipes",
            "branch": "master",
            "version": "5.2",
            "ref": "fb7e19da7f013d0d422fa9bce16f5c510e27609b"
        },
        "files": [
            "./config/packages/sensio_framework_extra.yaml"
        ]
    },
    "stof/doctrine-extensions-bundle": {
        "version": "1.2",
        "recipe": {
            "repo": "github.com/symfony/recipes-contrib",
            "branch": "master",
            "version": "1.2",
            "ref": "6c1ceb662f8997085f739cd089bfbef67f245983"
        },
        "files": [
            "./config/packages/stof_doctrine_extensions.yaml"
        ]
    },
    "swiftmailer/swiftmailer": {
        "version": "v6.2.5"
    },
    "symfony/asset": {
        "version": "v4.4.18"
    },
    "symfony/browser-kit": {
        "version": "v4.4.19"
    },
    "symfony/cache": {
        "version": "v4.4.18"
    },
    "symfony/cache-contracts": {
        "version": "v2.2.0"
    },
    "symfony/config": {
        "version": "v4.4.18"
    },
    "symfony/console": {
        "version": "4.4",
        "recipe": {
            "repo": "github.com/symfony/recipes",
            "branch": "master",
            "version": "4.4",
            "ref": "fd5340d07d4c90504843b53da41525cf42e31f5c"
        },
        "files": [
            "bin/console",
            "config/bootstrap.php"
        ]
    },
    "symfony/css-selector": {
        "version": "v4.4.19"
    },
    "symfony/debug": {
        "version": "v4.4.18"
    },
    "symfony/debug-bundle": {
        "version": "4.4",
        "recipe": {
            "repo": "github.com/symfony/recipes",
            "branch": "master",
            "version": "4.1",
            "ref": "0ce7a032d344fb7b661cd25d31914cd703ad445b"
        },
        "files": [
            "config/packages/dev/debug.yaml"
        ]
    },
    "symfony/debug-pack": {
        "version": "v1.0.9"
    },
    "symfony/dependency-injection": {
        "version": "v4.4.18"
    },
    "symfony/deprecation-contracts": {
        "version": "v2.2.0"
    },
    "symfony/doctrine-bridge": {
        "version": "v4.4.18"
    },
    "symfony/dom-crawler": {
        "version": "v4.4.19"
    },
    "symfony/dotenv": {
        "version": "v4.4.18"
    },
    "symfony/error-handler": {
        "version": "v4.4.18"
    },
    "symfony/event-dispatcher": {
        "version": "v4.4.18"
    },
    "symfony/event-dispatcher-contracts": {
        "version": "v1.1.9"
    },
    "symfony/expression-language": {
        "version": "v4.4.18"
    },
    "symfony/filesystem": {
        "version": "v4.4.18"
    },
    "symfony/finder": {
        "version": "v4.4.18"
    },
    "symfony/flex": {
        "version": "1.0",
        "recipe": {
            "repo": "github.com/symfony/recipes",
            "branch": "master",
            "version": "1.0",
            "ref": "c0eeb50665f0f77226616b6038a9b06c03752d8e"
        },
        "files": [
            "./.env"
        ]
    },
    "symfony/form": {
        "version": "v4.4.18"
    },
    "symfony/framework-bundle": {
        "version": "4.4",
        "recipe": {
            "repo": "github.com/symfony/recipes",
            "branch": "master",
            "version": "4.4",
            "ref": "24eb45d1355810154890460e6a05c0ca27318fe7"
        },
        "files": [
            "config/bootstrap.php",
            "config/packages/cache.yaml",
            "config/packages/framework.yaml",
            "config/packages/test/framework.yaml",
            "config/preload.php",
            "config/routes/dev/framework.yaml",
            "config/services.yaml",
            "public/index.php",
            "src/Controller/.gitignore",
            "src/Kernel.php"
        ]
    },
    "symfony/http-client-contracts": {
        "version": "v2.3.1"
    },
    "symfony/http-foundation": {
        "version": "v4.4.18"
    },
    "symfony/http-kernel": {
        "version": "v4.4.18"
    },
    "symfony/inflector": {
        "version": "v4.4.37"
    },
    "symfony/intl": {
        "version": "v4.4.18"
    },
    "symfony/ldap": {
        "version": "v4.4.18"
    },
    "symfony/mime": {
        "version": "v4.4.25"
    },
    "symfony/monolog-bridge": {
        "version": "v4.4.18"
    },
    "symfony/monolog-bundle": {
        "version": "3.7",
        "recipe": {
            "repo": "github.com/symfony/recipes",
            "branch": "master",
            "version": "3.7",
            "ref": "a7bace7dbc5a7ed5608dbe2165e0774c87175fe6"
        },
        "files": [
            "config/packages/dev/monolog.yaml",
            "config/packages/prod/deprecations.yaml",
            "config/packages/prod/monolog.yaml",
            "config/packages/test/monolog.yaml"
        ]
    },
    "symfony/options-resolver": {
        "version": "v4.4.18"
    },
    "symfony/phpunit-bridge": {
        "version": "3.3",
        "recipe": {
            "repo": "github.com/symfony/recipes",
            "branch": "master",
            "version": "3.3",
            "ref": "7e941371431f5245d05c6490ada44c17eb0d27ed"
        },
        "files": [
            "./.env.test",
            "./bin/phpunit",
            "./phpunit.xml.dist",
            "./tests/bootstrap.php"
        ]
    },
    "symfony/polyfill-apcu": {
        "version": "v1.22.0"
    },
    "symfony/polyfill-ctype": {
        "version": "v1.22.0"
    },
    "symfony/polyfill-iconv": {
        "version": "v1.22.0"
    },
    "symfony/polyfill-intl-icu": {
        "version": "v1.22.0"
    },
    "symfony/polyfill-intl-idn": {
        "version": "v1.22.0"
    },
    "symfony/polyfill-intl-normalizer": {
        "version": "v1.22.0"
    },
    "symfony/polyfill-mbstring": {
        "version": "v1.22.0"
    },
    "symfony/polyfill-php56": {
        "version": "v1.20.0"
    },
    "symfony/polyfill-php72": {
        "version": "v1.22.0"
    },
    "symfony/polyfill-php73": {
        "version": "v1.22.0"
    },
    "symfony/polyfill-php80": {
        "version": "v1.22.0"
    },
    "symfony/polyfill-php81": {
        "version": "v1.24.0"
    },
    "symfony/profiler-pack": {
        "version": "v1.0.5"
    },
    "symfony/property-access": {
        "version": "v4.4.18"
    },
    "symfony/property-info": {
        "version": "v4.4.18"
    },
    "symfony/proxy-manager-bridge": {
        "version": "v4.4.18"
    },
    "symfony/routing": {
        "version": "4.2",
        "recipe": {
            "repo": "github.com/symfony/recipes",
            "branch": "master",
            "version": "4.2",
            "ref": "683dcb08707ba8d41b7e34adb0344bfd68d248a7"
        },
        "files": [
            "./config/packages/prod/routing.yaml",
            "./config/packages/routing.yaml",
            "./config/routes.yaml"
        ]
    },
    "symfony/security-bundle": {
        "version": "4.4",
        "recipe": {
            "repo": "github.com/symfony/recipes",
            "branch": "master",
            "version": "4.4",
            "ref": "7b4408dc203049666fe23fabed23cbadc6d8440f"
        },
        "files": [
            "./config/packages/security.yaml"
        ]
    },
    "symfony/security-core": {
        "version": "v4.4.18"
    },
    "symfony/security-csrf": {
        "version": "v4.4.18"
    },
    "symfony/security-guard": {
        "version": "v4.4.18"
    },
    "symfony/security-http": {
        "version": "v4.4.18"
    },
    "symfony/serializer": {
        "version": "v4.4.18"
    },
    "symfony/service-contracts": {
        "version": "v2.2.0"
    },
    "symfony/stopwatch": {
        "version": "v4.4.18"
    },
    "symfony/swiftmailer-bundle": {
        "version": "2.5",
        "recipe": {
            "repo": "github.com/symfony/recipes",
            "branch": "master",
            "version": "2.5",
            "ref": "ae4d22af30bbd484506bc1817c5a3ef72c855b93"
        },
        "files": [
            "./config/packages/dev/swiftmailer.yaml",
            "./config/packages/swiftmailer.yaml",
            "./config/packages/test/swiftmailer.yaml"
        ]
    },
    "symfony/templating": {
        "version": "v4.4.18"
    },
    "symfony/test-pack": {
        "version": "v1.0.7"
    },
    "symfony/translation": {
        "version": "3.3",
        "recipe": {
            "repo": "github.com/symfony/recipes",
            "branch": "master",
            "version": "3.3",
            "ref": "2ad9d2545bce8ca1a863e50e92141f0b9d87ffcd"
        },
        "files": [
            "./config/packages/translation.yaml",
            "./translations/.gitignore"
        ]
    },
    "symfony/translation-contracts": {
        "version": "v2.3.0"
    },
    "symfony/twig-bridge": {
        "version": "v4.4.18"
    },
    "symfony/twig-bundle": {
        "version": "4.4",
        "recipe": {
            "repo": "github.com/symfony/recipes",
            "branch": "master",
            "version": "4.4",
            "ref": "73baff3f7b3cea12a73812a7cfd2c0924a9e250f"
        },
        "files": [
            "config/packages/test/twig.yaml",
            "config/packages/twig.yaml",
            "templates/base.html.twig"
        ]
    },
    "symfony/validator": {
        "version": "4.4",
        "recipe": {
            "repo": "github.com/symfony/recipes",
            "branch": "master",
            "version": "4.3",
            "ref": "3eb8df139ec05414489d55b97603c5f6ca0c44cb"
        },
        "files": [
            "config/packages/test/validator.yaml",
            "config/packages/validator.yaml"
        ]
    },
    "symfony/var-dumper": {
        "version": "v4.4.18"
    },
    "symfony/var-exporter": {
        "version": "v4.4.18"
    },
    "symfony/web-link": {
        "version": "v4.4.18"
    },
    "symfony/web-profiler-bundle": {
        "version": "3.3",
        "recipe": {
            "repo": "github.com/symfony/recipes",
            "branch": "master",
            "version": "3.3",
            "ref": "6bdfa1a95f6b2e677ab985cd1af2eae35d62e0f6"
        },
        "files": [
            "./config/packages/dev/web_profiler.yaml",
            "./config/packages/test/web_profiler.yaml",
            "./config/routes/dev/web_profiler.yaml"
        ]
    },
    "symfony/webpack-encore-bundle": {
        "version": "1.9",
        "recipe": {
            "repo": "github.com/symfony/recipes",
            "branch": "master",
            "version": "1.9",
            "ref": "34a82422147bc632dec0db2676bf27aaaa582ba0"
        },
        "files": [
            "./assets/app.js",
            "./assets/bootstrap.js",
            "./assets/controllers.json",
            "./assets/controllers/hello_controller.js",
            "./assets/styles/app.css",
            "./config/packages/assets.yaml",
            "./config/packages/prod/webpack_encore.yaml",
            "./config/packages/test/webpack_encore.yaml",
            "./config/packages/webpack_encore.yaml",
            "./package.json",
            "./webpack.config.js"
        ]
    },
    "symfony/yaml": {
        "version": "v4.4.18"
    },
    "tetranz/select2entity-bundle": {
        "version": "v2.10.1"
    },
    "twig/extensions": {
        "version": "1.0",
        "recipe": {
            "repo": "github.com/symfony/recipes",
            "branch": "master",
            "version": "1.0",
            "ref": "a86723ee8d8b2f9437c8ce60a5546a1c267da5ed"
        },
        "files": [
            "./config/packages/twig_extensions.yaml"
        ]
    },
    "twig/extra-bundle": {
        "version": "v3.1.1"
    },
    "twig/twig": {
        "version": "v2.14.3"
    },
    "unicesil/shibboleth-bundle": {
        "version": "v1.0.3"
    },
    "unicesil/syllabus-apogee-importer-bundle": {
        "version": "1.0.0"
    },
    "unicesil/syllabus-importer-toolkit": {
        "version": "1.0.0"
    },
    "webmozart/assert": {
        "version": "1.9.1"
    },
    "willdurand/negotiation": {
        "version": "3.0.0"
    }
}
